
Microsoft Visual Studio Solution File, Format Version 12.00
# Visual Studio Version 17
VisualStudioVersion = 17.5.33502.453
MinimumVisualStudioVersion = 10.0.40219.1
Project("{FAE04EC0-301F-11D3-BF4B-00C04F79EFBC}") = "eTickets", "eTickets\eTickets.csproj", "{D919543E-DDF6-47C8-B658-68A4A912947A}"
EndProject
Global
	GlobalSection(SolutionConfigurationPlatforms) = preSolution
		Debug|Any CPU = Debug|Any CPU
		Release|Any CPU = Release|Any CPU
	EndGlobalSection
	GlobalSection(ProjectConfigurationPlatforms) = postSolution
		{D919543E-DDF6-47C8-B658-68A4A912947A}.Debug|Any CPU.ActiveCfg = Debug|Any CPU
		{D919543E-DDF6-47C8-B658-68A4A912947A}.Debug|Any CPU.Build.0 = Debug|Any CPU
		{D919543E-DDF6-47C8-B658-68A4A912947A}.Release|Any CPU.ActiveCfg = Release|Any CPU
		{D919543E-DDF6-47C8-B658-68A4A912947A}.Release|Any CPU.Build.0 = Release|Any CPU
	EndGlobalSection
	GlobalSection(SolutionProperties) = preSolution
		HideSolutionNode = FALSE
	EndGlobalSection
	GlobalSection(ExtensibilityGlobals) = postSolution
		SolutionGuid = {38441686-7A6D-4243-B040-062D08C1BDAC}
	EndGlobalSection
EndGlobal
